
Microsoft Visual Studio Solution File, Format Version 12.00
# Visual Studio Version 16
VisualStudioVersion = 16.0.31205.134
MinimumVisualStudioVersion = 10.0.40219.1
Project("{8BC9CEB8-8B4A-11D0-8D11-00A0C91BC942}") = "SimpleGameEngine", "SimpleGameEngine.vcxproj", "{6388DEAB-B9B0-4A28-8BE0-DF06F3BC4217}"
EndProject
Global
	GlobalSection(SolutionConfigurationPlatforms) = preSolution
		Debug|x64 = Debug|x64
		Debug|x86 = Debug|x86
		Release|x64 = Release|x64
		Release|x86 = Release|x86
	EndGlobalSection
	GlobalSection(ProjectConfigurationPlatforms) = postSolution
		{6388DEAB-B9B0-4A28-8BE0-DF06F3BC4217}.Debug|x64.ActiveCfg = Debug|x64
		{6388DEAB-B9B0-4A28-8BE0-DF06F3BC4217}.Debug|x64.Build.0 = Debug|x64
		{6388DEAB-B9B0-4A28-8BE0-DF06F3BC4217}.Debug|x86.ActiveCfg = Debug|Win32
		{6388DEAB-B9B0-4A28-8BE0-DF06F3BC4217}.Debug|x86.Build.0 = Debug|Win32
		{6388DEAB-B9B0-4A28-8BE0-DF06F3BC4217}.Release|x64.ActiveCfg = Release|x64
		{6388DEAB-B9B0-4A28-8BE0-DF06F3BC4217}.Release|x64.Build.0 = Release|x64
		{6388DEAB-B9B0-4A28-8BE0-DF06F3BC4217}.Release|x86.ActiveCfg = Release|Win32
		{6388DEAB-B9B0-4A28-8BE0-DF06F3BC4217}.Release|x86.Build.0 = Release|Win32
	EndGlobalSection
	GlobalSection(SolutionProperties) = preSolution
		HideSolutionNode = FALSE
	EndGlobalSection
	GlobalSection(ExtensibilityGlobals) = postSolution
		SolutionGuid = {0B4135A3-9B51-4DCA-9765-7F58134EC6A5}
	EndGlobalSection
EndGlobal
